
Microsoft Visual Studio Solution File, Format Version 12.00
# Visual Studio Version 17
VisualStudioVersion = 17.1.32210.238
MinimumVisualStudioVersion = 10.0.40219.1
Project("{FAE04EC0-301F-11D3-BF4B-00C04F79EFBC}") = "Exe 5_20210140007_2", "Exe 5_20210140007_2\Exe 5_20210140007_2.csproj", "{F1A77421-C94A-4E25-BCC4-7C08DBC0C0DD}"
EndProject
Global
	GlobalSection(SolutionConfigurationPlatforms) = preSolution
		Debug|Any CPU = Debug|Any CPU
		Release|Any CPU = Release|Any CPU
	EndGlobalSection
	GlobalSection(ProjectConfigurationPlatforms) = postSolution
		{F1A77421-C94A-4E25-BCC4-7C08DBC0C0DD}.Debug|Any CPU.ActiveCfg = Debug|Any CPU
		{F1A77421-C94A-4E25-BCC4-7C08DBC0C0DD}.Debug|Any CPU.Build.0 = Debug|Any CPU
		{F1A77421-C94A-4E25-BCC4-7C08DBC0C0DD}.Release|Any CPU.ActiveCfg = Release|Any CPU
		{F1A77421-C94A-4E25-BCC4-7C08DBC0C0DD}.Release|Any CPU.Build.0 = Release|Any CPU
	EndGlobalSection
	GlobalSection(SolutionProperties) = preSolution
		HideSolutionNode = FALSE
	EndGlobalSection
	GlobalSection(ExtensibilityGlobals) = postSolution
		SolutionGuid = {1CA6C42D-6916-4434-8EF7-2104172CFC5D}
	EndGlobalSection
EndGlobal
